
Microsoft Visual Studio Solution File, Format Version 12.00
# Visual Studio Version 17
VisualStudioVersion = 17.7.34018.315
MinimumVisualStudioVersion = 10.0.40219.1
Project("{9A19103F-16F7-4668-BE54-9A1E7A4F7556}") = "EmailHubApp", "EmailHubApp.csproj", "{874EA592-4A41-4914-8C55-DF9D5E802B50}"
EndProject
Project("{FAE04EC0-301F-11D3-BF4B-00C04F79EFBC}") = "EmailHubApp.Model", "..\EmailHubApp.Model\EmailHubApp.Model.csproj", "{C339BE3E-A3AA-4B6D-9999-A2069402022A}"
EndProject
Project("{FAE04EC0-301F-11D3-BF4B-00C04F79EFBC}") = "EmailHubApp.Repository", "..\EmailHubApp.Repository\EmailHubApp.Repository.csproj", "{51B70656-9B18-43E1-B8EC-0B587154CC43}"
EndProject
Project("{FAE04EC0-301F-11D3-BF4B-00C04F79EFBC}") = "EmailHubApp.Database", "..\EmailHubApp.Database\EmailHubApp.Database.csproj", "{FC3F1060-2285-44E5-9331-BCBC4767620D}"
EndProject
Project("{FAE04EC0-301F-11D3-BF4B-00C04F79EFBC}") = "EmailHubApp.Manager", "..\EmailHubApp.Manager\EmailHubApp.Manager.csproj", "{4BF0A1BD-9A6A-46AA-BDD5-F23D43627372}"
EndProject
Global
	GlobalSection(SolutionConfigurationPlatforms) = preSolution
		Debug|Any CPU = Debug|Any CPU
		Release|Any CPU = Release|Any CPU
	EndGlobalSection
	GlobalSection(ProjectConfigurationPlatforms) = postSolution
		{874EA592-4A41-4914-8C55-DF9D5E802B50}.Debug|Any CPU.ActiveCfg = Debug|Any CPU
		{874EA592-4A41-4914-8C55-DF9D5E802B50}.Debug|Any CPU.Build.0 = Debug|Any CPU
		{874EA592-4A41-4914-8C55-DF9D5E802B50}.Release|Any CPU.ActiveCfg = Release|Any CPU
		{874EA592-4A41-4914-8C55-DF9D5E802B50}.Release|Any CPU.Build.0 = Release|Any CPU
		{C339BE3E-A3AA-4B6D-9999-A2069402022A}.Debug|Any CPU.ActiveCfg = Debug|Any CPU
		{C339BE3E-A3AA-4B6D-9999-A2069402022A}.Debug|Any CPU.Build.0 = Debug|Any CPU
		{C339BE3E-A3AA-4B6D-9999-A2069402022A}.Release|Any CPU.ActiveCfg = Release|Any CPU
		{C339BE3E-A3AA-4B6D-9999-A2069402022A}.Release|Any CPU.Build.0 = Release|Any CPU
		{51B70656-9B18-43E1-B8EC-0B587154CC43}.Debug|Any CPU.ActiveCfg = Debug|Any CPU
		{51B70656-9B18-43E1-B8EC-0B587154CC43}.Debug|Any CPU.Build.0 = Debug|Any CPU
		{51B70656-9B18-43E1-B8EC-0B587154CC43}.Release|Any CPU.ActiveCfg = Release|Any CPU
		{51B70656-9B18-43E1-B8EC-0B587154CC43}.Release|Any CPU.Build.0 = Release|Any CPU
		{FC3F1060-2285-44E5-9331-BCBC4767620D}.Debug|Any CPU.ActiveCfg = Debug|Any CPU
		{FC3F1060-2285-44E5-9331-BCBC4767620D}.Debug|Any CPU.Build.0 = Debug|Any CPU
		{FC3F1060-2285-44E5-9331-BCBC4767620D}.Release|Any CPU.ActiveCfg = Release|Any CPU
		{FC3F1060-2285-44E5-9331-BCBC4767620D}.Release|Any CPU.Build.0 = Release|Any CPU
		{4BF0A1BD-9A6A-46AA-BDD5-F23D43627372}.Debug|Any CPU.ActiveCfg = Debug|Any CPU
		{4BF0A1BD-9A6A-46AA-BDD5-F23D43627372}.Debug|Any CPU.Build.0 = Debug|Any CPU
		{4BF0A1BD-9A6A-46AA-BDD5-F23D43627372}.Release|Any CPU.ActiveCfg = Release|Any CPU
		{4BF0A1BD-9A6A-46AA-BDD5-F23D43627372}.Release|Any CPU.Build.0 = Release|Any CPU
	EndGlobalSection
	GlobalSection(SolutionProperties) = preSolution
		HideSolutionNode = FALSE
	EndGlobalSection
	GlobalSection(ExtensibilityGlobals) = postSolution
		SolutionGuid = {34E3D61C-DF90-41E5-BEA3-D6E1FC578EED}
	EndGlobalSection
EndGlobal
